<Solution>
  <Folder Name="/src/">
    <Project Path="src/DicomViewer.Core/DicomViewer.Core.csproj" />
    <Project Path="src/DicomViewer.Web/DicomViewer.Web.csproj" />
  </Folder>
  <Folder Name="/tests/">
    <Project Path="tests/DicomViewer.Tests/DicomViewer.Tests.csproj" />
  </Folder>
</Solution>
